{
  "nodes": {
    "fenix": {
      "inputs": {
        "nixpkgs": "nixpkgs",
        "rust-analyzer-src": "rust-analyzer-src"
      },
      "locked": {
        "lastModified": 1766645106,
        "narHash": "sha256-UzzTtDkdc4s9qJY/QU52Ovuq2zWom0cLInCwaXLZlfo=",
        "owner": "nix-community",
        "repo": "fenix",
        "rev": "8bfb0290049432d3785d4b29950ae37ff20a89cb",
        "type": "github"
      },
      "original": {
        "owner": "nix-community",
        "repo": "fenix",
        "type": "github"
      }
    },
    "nixCats": {
      "locked": {
        "lastModified": 1765766809,
        "narHash": "sha256-3Xp41+Sb1zIzASa1Uu1k1RMUoJ9CGyYb0GtvvpRPBqg=",
        "owner": "BirdeeHub",
        "repo": "nixCats-nvim",
        "rev": "fe157e3ed69ed14b55ca81f597eac282caed58a2",
        "type": "github"
      },
      "original": {
        "owner": "BirdeeHub",
        "repo": "nixCats-nvim",
        "type": "github"
      }
    },
    "nixpkgs": {
      "locked": {
        "lastModified": 1766309749,
        "narHash": "sha256-3xY8CZ4rSnQ0NqGhMKAy5vgC+2IVK0NoVEzDoOh4DA4=",
        "owner": "nixos",
        "repo": "nixpkgs",
        "rev": "a6531044f6d0bef691ea18d4d4ce44d0daa6e816",
        "type": "github"
      },
      "original": {
        "owner": "nixos",
        "ref": "nixos-unstable",
        "repo": "nixpkgs",
        "type": "github"
      }
    },
    "nixpkgs_2": {
      "locked": {
        "lastModified": 1766624085,
        "narHash": "sha256-ruzNOGQR0HKynAarKRhAYwIZc79IkDqui4ovQmkZPQI=",
        "owner": "nixos",
        "repo": "nixpkgs",
        "rev": "b72f284b1be41575c3e36cd777a191c29a7adf6a",
        "type": "github"
      },
      "original": {
        "owner": "nixos",
        "ref": "nixpkgs-unstable",
        "repo": "nixpkgs",
        "type": "github"
      }
    },
    "plugins-rustaceanvim": {
      "flake": false,
      "locked": {
        "lastModified": 1766568418,
        "narHash": "sha256-9P3EYoXCayKNgKPoQ3xNOjfyvTW3Wmp13Ubpp0mvYyU=",
        "owner": "mrcjkb",
        "repo": "rustaceanvim",
        "rev": "01c45937691914ce985a66f22bab34a1098aa26f",
        "type": "github"
      },
      "original": {
        "owner": "mrcjkb",
        "repo": "rustaceanvim",
        "type": "github"
      }
    },
    "root": {
      "inputs": {
        "fenix": "fenix",
        "nixCats": "nixCats",
        "nixpkgs": "nixpkgs_2",
        "plugins-rustaceanvim": "plugins-rustaceanvim"
      }
    },
    "rust-analyzer-src": {
      "flake": false,
      "locked": {
        "lastModified": 1766521909,
        "narHash": "sha256-QmQmEPnxgF0nTfnbaT2bCcDBiazhVyPxOH0LOoShG70=",
        "owner": "rust-lang",
        "repo": "rust-analyzer",
        "rev": "be7d98ab08f6122023c8b1e98f6c4f8857cf8aac",
        "type": "github"
      },
      "original": {
        "owner": "rust-lang",
        "ref": "nightly",
        "repo": "rust-analyzer",
        "type": "github"
      }
    }
  },
  "root": "root",
  "version": 7
}
